
Microsoft Visual Studio Solution File, Format Version 12.00
# Visual Studio Version 17
VisualStudioVersion = 17.4.33110.190
MinimumVisualStudioVersion = 10.0.40219.1
Project("{FAE04EC0-301F-11D3-BF4B-00C04F79EFBC}") = "OOP_Board_Test", "OOP_Board_Test\OOP_Board_Test.csproj", "{2A29F89A-BD72-46E9-96E0-140F77524E67}"
EndProject
Global
	GlobalSection(SolutionConfigurationPlatforms) = preSolution
		Debug|Any CPU = Debug|Any CPU
		Release|Any CPU = Release|Any CPU
	EndGlobalSection
	GlobalSection(ProjectConfigurationPlatforms) = postSolution
		{2A29F89A-BD72-46E9-96E0-140F77524E67}.Debug|Any CPU.ActiveCfg = Debug|Any CPU
		{2A29F89A-BD72-46E9-96E0-140F77524E67}.Debug|Any CPU.Build.0 = Debug|Any CPU
		{2A29F89A-BD72-46E9-96E0-140F77524E67}.Release|Any CPU.ActiveCfg = Release|Any CPU
		{2A29F89A-BD72-46E9-96E0-140F77524E67}.Release|Any CPU.Build.0 = Release|Any CPU
	EndGlobalSection
	GlobalSection(SolutionProperties) = preSolution
		HideSolutionNode = FALSE
	EndGlobalSection
	GlobalSection(ExtensibilityGlobals) = postSolution
		SolutionGuid = {BBA5515F-51B8-4759-BADA-A8418942CD97}
	EndGlobalSection
EndGlobal
